
Microsoft Visual Studio Solution File, Format Version 12.00
# Visual Studio Version 17
VisualStudioVersion = 17.7.34221.43
MinimumVisualStudioVersion = 10.0.40219.1
Project("{FAE04EC0-301F-11D3-BF4B-00C04F79EFBC}") = "10lana", "10lana\10lana.csproj", "{FE091F4E-CE82-4DC4-8DAB-D6CD9F1AC8D7}"
EndProject
Global
	GlobalSection(SolutionConfigurationPlatforms) = preSolution
		Debug|Any CPU = Debug|Any CPU
		Release|Any CPU = Release|Any CPU
	EndGlobalSection
	GlobalSection(ProjectConfigurationPlatforms) = postSolution
		{FE091F4E-CE82-4DC4-8DAB-D6CD9F1AC8D7}.Debug|Any CPU.ActiveCfg = Debug|Any CPU
		{FE091F4E-CE82-4DC4-8DAB-D6CD9F1AC8D7}.Debug|Any CPU.Build.0 = Debug|Any CPU
		{FE091F4E-CE82-4DC4-8DAB-D6CD9F1AC8D7}.Release|Any CPU.ActiveCfg = Release|Any CPU
		{FE091F4E-CE82-4DC4-8DAB-D6CD9F1AC8D7}.Release|Any CPU.Build.0 = Release|Any CPU
	EndGlobalSection
	GlobalSection(SolutionProperties) = preSolution
		HideSolutionNode = FALSE
	EndGlobalSection
	GlobalSection(ExtensibilityGlobals) = postSolution
		SolutionGuid = {E196AEF0-5E0C-4401-939A-EB7C236EDAF1}
	EndGlobalSection
EndGlobal
